
Microsoft Visual Studio Solution File, Format Version 12.00
# Visual Studio Version 16
VisualStudioVersion = 16.0.33328.57
MinimumVisualStudioVersion = 10.0.40219.1
Project("{FAE04EC0-301F-11D3-BF4B-00C04F79EFBC}") = "ParallelTasks", "ParallelTasks.csproj", "{D372F147-13BC-4A90-9223-C62E11A0B388}"
EndProject
Global
	GlobalSection(SolutionConfigurationPlatforms) = preSolution
		Debug|Any CPU = Debug|Any CPU
		Release|Any CPU = Release|Any CPU
	EndGlobalSection
	GlobalSection(ProjectConfigurationPlatforms) = postSolution
		{D372F147-13BC-4A90-9223-C62E11A0B388}.Debug|Any CPU.ActiveCfg = Debug|Any CPU
		{D372F147-13BC-4A90-9223-C62E11A0B388}.Debug|Any CPU.Build.0 = Debug|Any CPU
		{D372F147-13BC-4A90-9223-C62E11A0B388}.Release|Any CPU.ActiveCfg = Release|Any CPU
		{D372F147-13BC-4A90-9223-C62E11A0B388}.Release|Any CPU.Build.0 = Release|Any CPU
	EndGlobalSection
	GlobalSection(SolutionProperties) = preSolution
		HideSolutionNode = FALSE
	EndGlobalSection
	GlobalSection(ExtensibilityGlobals) = postSolution
		SolutionGuid = {C339D152-51C4-4695-A6BF-97F5D96CC6CC}
	EndGlobalSection
EndGlobal
